
Microsoft Visual Studio Solution File, Format Version 12.00
# Visual Studio 15
VisualStudioVersion = 15.0.27130.2026
MinimumVisualStudioVersion = 10.0.40219.1
Project("{2150E333-8FDC-42A3-9474-1A3956D46DE8}") = "sql", "sql", "{77BD5A66-4614-4610-A501-BD41F81960B7}"
	ProjectSection(SolutionItems) = preProject
		sql\000-LogTable.sql = sql\000-LogTable.sql
		sql\001-Tag.sql = sql\001-Tag.sql
		sql\002-Files.sql = sql\002-Files.sql
		sql\003-FileStates.sql = sql\003-FileStates.sql
		sql\004-FileTag.sql = sql\004-FileTag.sql
		sql\005-Uploads.sql = sql\005-Uploads.sql
		sql\006-UploadErrors.sql = sql\006-UploadErrors.sql
		sql\007-Files-Note.sql = sql\007-Files-Note.sql
	EndProjectSection
EndProject
Project("{2150E333-8FDC-42A3-9474-1A3956D46DE8}") = "Solution Items", "Solution Items", "{A65E2326-01F5-46B7-97F6-7FD193DC3F5D}"
	ProjectSection(SolutionItems) = preProject
		CleanAndPublish.ps1 = CleanAndPublish.ps1
		README.md = README.md
	EndProjectSection
EndProject
Project("{9A19103F-16F7-4668-BE54-9A1E7A4F7556}") = "CoreDMSTests", "CoreDMSTests\CoreDMSTests.csproj", "{99F2FB3D-D5B7-43FA-92D9-1329317D747F}"
EndProject
Project("{9A19103F-16F7-4668-BE54-9A1E7A4F7556}") = "CoreDMS.Model", "CoreDMS.Model\CoreDMS.Model.csproj", "{F2BD3691-A633-41A6-8E57-E04CB880D0AA}"
EndProject
Project("{9A19103F-16F7-4668-BE54-9A1E7A4F7556}") = "CoreDMS.DBCreation", "CoreDMS.DBCreation\CoreDMS.DBCreation.csproj", "{A0F3FE1C-E64C-4DCC-9069-C3CFE25E44F6}"
EndProject
Project("{9A19103F-16F7-4668-BE54-9A1E7A4F7556}") = "CoreDMS", "CoreDMS\CoreDMS.csproj", "{533D1C10-3D09-4971-A57F-955A6C43B472}"
EndProject
Global
	GlobalSection(SolutionConfigurationPlatforms) = preSolution
		Debug|Any CPU = Debug|Any CPU
		Release|Any CPU = Release|Any CPU
	EndGlobalSection
	GlobalSection(ProjectConfigurationPlatforms) = postSolution
		{99F2FB3D-D5B7-43FA-92D9-1329317D747F}.Debug|Any CPU.ActiveCfg = Debug|Any CPU
		{99F2FB3D-D5B7-43FA-92D9-1329317D747F}.Debug|Any CPU.Build.0 = Debug|Any CPU
		{99F2FB3D-D5B7-43FA-92D9-1329317D747F}.Release|Any CPU.ActiveCfg = Release|Any CPU
		{99F2FB3D-D5B7-43FA-92D9-1329317D747F}.Release|Any CPU.Build.0 = Release|Any CPU
		{F2BD3691-A633-41A6-8E57-E04CB880D0AA}.Debug|Any CPU.ActiveCfg = Debug|Any CPU
		{F2BD3691-A633-41A6-8E57-E04CB880D0AA}.Debug|Any CPU.Build.0 = Debug|Any CPU
		{F2BD3691-A633-41A6-8E57-E04CB880D0AA}.Release|Any CPU.ActiveCfg = Release|Any CPU
		{F2BD3691-A633-41A6-8E57-E04CB880D0AA}.Release|Any CPU.Build.0 = Release|Any CPU
		{A0F3FE1C-E64C-4DCC-9069-C3CFE25E44F6}.Debug|Any CPU.ActiveCfg = Debug|Any CPU
		{A0F3FE1C-E64C-4DCC-9069-C3CFE25E44F6}.Debug|Any CPU.Build.0 = Debug|Any CPU
		{A0F3FE1C-E64C-4DCC-9069-C3CFE25E44F6}.Release|Any CPU.ActiveCfg = Release|Any CPU
		{A0F3FE1C-E64C-4DCC-9069-C3CFE25E44F6}.Release|Any CPU.Build.0 = Release|Any CPU
		{533D1C10-3D09-4971-A57F-955A6C43B472}.Debug|Any CPU.ActiveCfg = Debug|Any CPU
		{533D1C10-3D09-4971-A57F-955A6C43B472}.Debug|Any CPU.Build.0 = Debug|Any CPU
		{533D1C10-3D09-4971-A57F-955A6C43B472}.Release|Any CPU.ActiveCfg = Release|Any CPU
		{533D1C10-3D09-4971-A57F-955A6C43B472}.Release|Any CPU.Build.0 = Release|Any CPU
	EndGlobalSection
	GlobalSection(SolutionProperties) = preSolution
		HideSolutionNode = FALSE
	EndGlobalSection
	GlobalSection(ExtensibilityGlobals) = postSolution
		SolutionGuid = {C2D2C7CB-592E-48AE-9EF9-3A7D352EE590}
	EndGlobalSection
EndGlobal
